
Microsoft Visual Studio Solution File, Format Version 12.00
# Visual Studio Version 17
VisualStudioVersion = 17.0.32002.185
MinimumVisualStudioVersion = 10.0.40219.1
Project("{2150E333-8FDC-42A3-9474-1A3956D46DE8}") = "FrontEnd", "FrontEnd", "{72B56683-50E9-48A3-9F06-9DB24D376A13}"
EndProject
Project("{9A19103F-16F7-4668-BE54-9A1E7A4F7556}") = "Web", "Web\Web.csproj", "{E05B20D0-504C-472F-87A0-73FA09946AF1}"
EndProject
Project("{9A19103F-16F7-4668-BE54-9A1E7A4F7556}") = "WebApiClient", "WebApiClient\WebApiClient.csproj", "{991A3A58-A51D-41DB-9302-9C4A4AF1E7AC}"
EndProject
Project("{2150E333-8FDC-42A3-9474-1A3956D46DE8}") = "BackEnd", "BackEnd", "{980E4D2E-EF0A-4C8E-A2C7-EC35D43A4C7B}"
EndProject
Project("{9A19103F-16F7-4668-BE54-9A1E7A4F7556}") = "Api", "Api\Api.csproj", "{3CB97FA4-69BB-490B-9D16-B8F8B5153D31}"
EndProject
Project("{2150E333-8FDC-42A3-9474-1A3956D46DE8}") = "DataAccess", "DataAccess", "{C6756AD4-271A-4567-A491-62712B530E5C}"
EndProject
Project("{9A19103F-16F7-4668-BE54-9A1E7A4F7556}") = "Entities", "Entities\Entities.csproj", "{EED7DBF8-78C0-4717-9B9E-036A5009C3E6}"
EndProject
Project("{9A19103F-16F7-4668-BE54-9A1E7A4F7556}") = "Repository", "Repository\Repository.csproj", "{F9261D49-F36C-470E-99D5-E7EF0ECF4BB4}"
EndProject
Project("{9A19103F-16F7-4668-BE54-9A1E7A4F7556}") = "Services", "Services\Services.csproj", "{5CDCA021-3958-4310-8A9F-D29BE26BDEFD}"
EndProject
Project("{2150E333-8FDC-42A3-9474-1A3956D46DE8}") = "Global", "Global", "{CF6D402F-9AA8-4F0F-8E53-4074B7730C98}"
EndProject
Project("{9A19103F-16F7-4668-BE54-9A1E7A4F7556}") = "Common", "Common\Common.csproj", "{0932F0A2-9F7E-41C1-BD1B-86F8CADE725F}"
EndProject
Project("{9A19103F-16F7-4668-BE54-9A1E7A4F7556}") = "Resources", "Resources\Resources.csproj", "{A29608C7-1013-499B-9C1E-F8ED46C972C5}"
EndProject
Project("{9A19103F-16F7-4668-BE54-9A1E7A4F7556}") = "Dtos", "Dtos\Dtos.csproj", "{B96F0467-ACA8-4819-ACB8-288E54B92296}"
EndProject
Project("{2150E333-8FDC-42A3-9474-1A3956D46DE8}") = "Databases", "Databases", "{70CA0F36-E952-4DA0-B770-29D2DA4258E5}"
EndProject
Project("{00D1A9C2-B5F0-4AF3-8072-F6C62B433612}") = "SqlDatabase", "SqlDatabase\SqlDatabase.sqlproj", "{23DC3554-5FB6-483E-857C-955DFE1FFCDB}"
EndProject
Project("{2150E333-8FDC-42A3-9474-1A3956D46DE8}") = "Tests", "Tests", "{B22B05D6-CA19-4486-8DFB-B16FB4CEABBD}"
EndProject
Project("{9A19103F-16F7-4668-BE54-9A1E7A4F7556}") = "RepositoryNUnitTests", "RepositoryNUnitTests\RepositoryNUnitTests.csproj", "{FC1234D9-1995-4368-A387-36092826FAB9}"
EndProject
Project("{9A19103F-16F7-4668-BE54-9A1E7A4F7556}") = "ServicesNUnitTests", "ServicesNUnitTests\ServicesNUnitTests.csproj", "{0DE300BE-A25E-4575-B634-9647B1069DDF}"
EndProject
Project("{2150E333-8FDC-42A3-9474-1A3956D46DE8}") = "Notes", "Notes", "{E264A2B6-6344-49C8-A75A-06D3BADC4C35}"
	ProjectSection(SolutionItems) = preProject
		Notes.txt = Notes.txt
	EndProjectSection
EndProject
Global
	GlobalSection(SolutionConfigurationPlatforms) = preSolution
		Debug|Any CPU = Debug|Any CPU
		Release|Any CPU = Release|Any CPU
	EndGlobalSection
	GlobalSection(ProjectConfigurationPlatforms) = postSolution
		{E05B20D0-504C-472F-87A0-73FA09946AF1}.Debug|Any CPU.ActiveCfg = Debug|Any CPU
		{E05B20D0-504C-472F-87A0-73FA09946AF1}.Debug|Any CPU.Build.0 = Debug|Any CPU
		{E05B20D0-504C-472F-87A0-73FA09946AF1}.Release|Any CPU.ActiveCfg = Release|Any CPU
		{E05B20D0-504C-472F-87A0-73FA09946AF1}.Release|Any CPU.Build.0 = Release|Any CPU
		{991A3A58-A51D-41DB-9302-9C4A4AF1E7AC}.Debug|Any CPU.ActiveCfg = Debug|Any CPU
		{991A3A58-A51D-41DB-9302-9C4A4AF1E7AC}.Debug|Any CPU.Build.0 = Debug|Any CPU
		{991A3A58-A51D-41DB-9302-9C4A4AF1E7AC}.Release|Any CPU.ActiveCfg = Release|Any CPU
		{991A3A58-A51D-41DB-9302-9C4A4AF1E7AC}.Release|Any CPU.Build.0 = Release|Any CPU
		{3CB97FA4-69BB-490B-9D16-B8F8B5153D31}.Debug|Any CPU.ActiveCfg = Debug|Any CPU
		{3CB97FA4-69BB-490B-9D16-B8F8B5153D31}.Debug|Any CPU.Build.0 = Debug|Any CPU
		{3CB97FA4-69BB-490B-9D16-B8F8B5153D31}.Release|Any CPU.ActiveCfg = Release|Any CPU
		{3CB97FA4-69BB-490B-9D16-B8F8B5153D31}.Release|Any CPU.Build.0 = Release|Any CPU
		{EED7DBF8-78C0-4717-9B9E-036A5009C3E6}.Debug|Any CPU.ActiveCfg = Debug|Any CPU
		{EED7DBF8-78C0-4717-9B9E-036A5009C3E6}.Debug|Any CPU.Build.0 = Debug|Any CPU
		{EED7DBF8-78C0-4717-9B9E-036A5009C3E6}.Release|Any CPU.ActiveCfg = Release|Any CPU
		{EED7DBF8-78C0-4717-9B9E-036A5009C3E6}.Release|Any CPU.Build.0 = Release|Any CPU
		{F9261D49-F36C-470E-99D5-E7EF0ECF4BB4}.Debug|Any CPU.ActiveCfg = Debug|Any CPU
		{F9261D49-F36C-470E-99D5-E7EF0ECF4BB4}.Debug|Any CPU.Build.0 = Debug|Any CPU
		{F9261D49-F36C-470E-99D5-E7EF0ECF4BB4}.Release|Any CPU.ActiveCfg = Release|Any CPU
		{F9261D49-F36C-470E-99D5-E7EF0ECF4BB4}.Release|Any CPU.Build.0 = Release|Any CPU
		{5CDCA021-3958-4310-8A9F-D29BE26BDEFD}.Debug|Any CPU.ActiveCfg = Debug|Any CPU
		{5CDCA021-3958-4310-8A9F-D29BE26BDEFD}.Debug|Any CPU.Build.0 = Debug|Any CPU
		{5CDCA021-3958-4310-8A9F-D29BE26BDEFD}.Release|Any CPU.ActiveCfg = Release|Any CPU
		{5CDCA021-3958-4310-8A9F-D29BE26BDEFD}.Release|Any CPU.Build.0 = Release|Any CPU
		{0932F0A2-9F7E-41C1-BD1B-86F8CADE725F}.Debug|Any CPU.ActiveCfg = Debug|Any CPU
		{0932F0A2-9F7E-41C1-BD1B-86F8CADE725F}.Debug|Any CPU.Build.0 = Debug|Any CPU
		{0932F0A2-9F7E-41C1-BD1B-86F8CADE725F}.Release|Any CPU.ActiveCfg = Release|Any CPU
		{0932F0A2-9F7E-41C1-BD1B-86F8CADE725F}.Release|Any CPU.Build.0 = Release|Any CPU
		{A29608C7-1013-499B-9C1E-F8ED46C972C5}.Debug|Any CPU.ActiveCfg = Debug|Any CPU
		{A29608C7-1013-499B-9C1E-F8ED46C972C5}.Debug|Any CPU.Build.0 = Debug|Any CPU
		{A29608C7-1013-499B-9C1E-F8ED46C972C5}.Release|Any CPU.ActiveCfg = Release|Any CPU
		{A29608C7-1013-499B-9C1E-F8ED46C972C5}.Release|Any CPU.Build.0 = Release|Any CPU
		{B96F0467-ACA8-4819-ACB8-288E54B92296}.Debug|Any CPU.ActiveCfg = Debug|Any CPU
		{B96F0467-ACA8-4819-ACB8-288E54B92296}.Debug|Any CPU.Build.0 = Debug|Any CPU
		{B96F0467-ACA8-4819-ACB8-288E54B92296}.Release|Any CPU.ActiveCfg = Release|Any CPU
		{B96F0467-ACA8-4819-ACB8-288E54B92296}.Release|Any CPU.Build.0 = Release|Any CPU
		{23DC3554-5FB6-483E-857C-955DFE1FFCDB}.Debug|Any CPU.ActiveCfg = Debug|Any CPU
		{23DC3554-5FB6-483E-857C-955DFE1FFCDB}.Debug|Any CPU.Build.0 = Debug|Any CPU
		{23DC3554-5FB6-483E-857C-955DFE1FFCDB}.Debug|Any CPU.Deploy.0 = Debug|Any CPU
		{23DC3554-5FB6-483E-857C-955DFE1FFCDB}.Release|Any CPU.ActiveCfg = Release|Any CPU
		{23DC3554-5FB6-483E-857C-955DFE1FFCDB}.Release|Any CPU.Build.0 = Release|Any CPU
		{23DC3554-5FB6-483E-857C-955DFE1FFCDB}.Release|Any CPU.Deploy.0 = Release|Any CPU
		{FC1234D9-1995-4368-A387-36092826FAB9}.Debug|Any CPU.ActiveCfg = Debug|Any CPU
		{FC1234D9-1995-4368-A387-36092826FAB9}.Debug|Any CPU.Build.0 = Debug|Any CPU
		{FC1234D9-1995-4368-A387-36092826FAB9}.Release|Any CPU.ActiveCfg = Release|Any CPU
		{FC1234D9-1995-4368-A387-36092826FAB9}.Release|Any CPU.Build.0 = Release|Any CPU
		{0DE300BE-A25E-4575-B634-9647B1069DDF}.Debug|Any CPU.ActiveCfg = Debug|Any CPU
		{0DE300BE-A25E-4575-B634-9647B1069DDF}.Debug|Any CPU.Build.0 = Debug|Any CPU
		{0DE300BE-A25E-4575-B634-9647B1069DDF}.Release|Any CPU.ActiveCfg = Release|Any CPU
		{0DE300BE-A25E-4575-B634-9647B1069DDF}.Release|Any CPU.Build.0 = Release|Any CPU
	EndGlobalSection
	GlobalSection(SolutionProperties) = preSolution
		HideSolutionNode = FALSE
	EndGlobalSection
	GlobalSection(NestedProjects) = preSolution
		{E05B20D0-504C-472F-87A0-73FA09946AF1} = {72B56683-50E9-48A3-9F06-9DB24D376A13}
		{991A3A58-A51D-41DB-9302-9C4A4AF1E7AC} = {72B56683-50E9-48A3-9F06-9DB24D376A13}
		{3CB97FA4-69BB-490B-9D16-B8F8B5153D31} = {980E4D2E-EF0A-4C8E-A2C7-EC35D43A4C7B}
		{EED7DBF8-78C0-4717-9B9E-036A5009C3E6} = {C6756AD4-271A-4567-A491-62712B530E5C}
		{F9261D49-F36C-470E-99D5-E7EF0ECF4BB4} = {C6756AD4-271A-4567-A491-62712B530E5C}
		{5CDCA021-3958-4310-8A9F-D29BE26BDEFD} = {C6756AD4-271A-4567-A491-62712B530E5C}
		{0932F0A2-9F7E-41C1-BD1B-86F8CADE725F} = {CF6D402F-9AA8-4F0F-8E53-4074B7730C98}
		{A29608C7-1013-499B-9C1E-F8ED46C972C5} = {CF6D402F-9AA8-4F0F-8E53-4074B7730C98}
		{B96F0467-ACA8-4819-ACB8-288E54B92296} = {CF6D402F-9AA8-4F0F-8E53-4074B7730C98}
		{23DC3554-5FB6-483E-857C-955DFE1FFCDB} = {70CA0F36-E952-4DA0-B770-29D2DA4258E5}
		{FC1234D9-1995-4368-A387-36092826FAB9} = {B22B05D6-CA19-4486-8DFB-B16FB4CEABBD}
		{0DE300BE-A25E-4575-B634-9647B1069DDF} = {B22B05D6-CA19-4486-8DFB-B16FB4CEABBD}
	EndGlobalSection
	GlobalSection(ExtensibilityGlobals) = postSolution
		SolutionGuid = {302DD57F-F757-43DF-BFC7-A9714F159700}
	EndGlobalSection
EndGlobal
